
Microsoft Visual Studio Solution File, Format Version 12.00
# Visual Studio Version 17
VisualStudioVersion = 17.3.32819.101
MinimumVisualStudioVersion = 10.0.40219.1
Project("{FAE04EC0-301F-11D3-BF4B-00C04F79EFBC}") = "Uppgift 13.", "..\Uppgift 13\Uppgift 13\Uppgift 13..csproj", "{C1A660ED-7787-4063-B25E-3CE8A5034C23}"
EndProject
Global
	GlobalSection(SolutionConfigurationPlatforms) = preSolution
		Debug|Any CPU = Debug|Any CPU
		Release|Any CPU = Release|Any CPU
	EndGlobalSection
	GlobalSection(ProjectConfigurationPlatforms) = postSolution
		{C1A660ED-7787-4063-B25E-3CE8A5034C23}.Debug|Any CPU.ActiveCfg = Debug|Any CPU
		{C1A660ED-7787-4063-B25E-3CE8A5034C23}.Debug|Any CPU.Build.0 = Debug|Any CPU
		{C1A660ED-7787-4063-B25E-3CE8A5034C23}.Release|Any CPU.ActiveCfg = Release|Any CPU
		{C1A660ED-7787-4063-B25E-3CE8A5034C23}.Release|Any CPU.Build.0 = Release|Any CPU
	EndGlobalSection
	GlobalSection(SolutionProperties) = preSolution
		HideSolutionNode = FALSE
	EndGlobalSection
	GlobalSection(ExtensibilityGlobals) = postSolution
		SolutionGuid = {EDCB987D-61D4-4DFF-953F-0AC12EE502C8}
	EndGlobalSection
EndGlobal
